
Microsoft Visual Studio Solution File, Format Version 12.00
# Visual Studio Version 16
VisualStudioVersion = 16.0.30114.105
MinimumVisualStudioVersion = 10.0.40219.1
Project("{9A19103F-16F7-4668-BE54-9A1E7A4F7556}") = "JEng.Core", "JEng.Core\JEng.Core.csproj", "{98445523-70B9-4B67-B744-7C917C232AEB}"
EndProject
Project("{9A19103F-16F7-4668-BE54-9A1E7A4F7556}") = "JEng.Engine", "JEng.Engine\JEng.Engine.csproj", "{5A5F7ABE-7DB0-40D7-AC4C-6EB50C28D09F}"
EndProject
Project("{9A19103F-16F7-4668-BE54-9A1E7A4F7556}") = "JEng.Sample.OpenGL", "JEng.OpenGL\JEng.Sample.OpenGL.csproj", "{BF5F9837-2800-4506-A79D-EE8E334C947D}"
EndProject
Project("{9A19103F-16F7-4668-BE54-9A1E7A4F7556}") = "JEng.Content", "JEng.Content\JEng.Content.csproj", "{74E958BA-29A5-414F-B768-5CE9539E5B82}"
EndProject
Project("{9A19103F-16F7-4668-BE54-9A1E7A4F7556}") = "JEng.Content.Pipeline", "JEng.Content.Pipeline\JEng.Content.Pipeline.csproj", "{934C5A15-F633-4A73-A11D-76CF318C8ABF}"
EndProject
Project("{9A19103F-16F7-4668-BE54-9A1E7A4F7556}") = "JEng.Content.Pipeline.Data", "JEng.Content.Pipeline.Data\JEng.Content.Pipeline.Data.csproj", "{9CE93A99-5F92-4194-9497-801DB5BEDC2D}"
EndProject
Project("{9A19103F-16F7-4668-BE54-9A1E7A4F7556}") = "JEng.Sample", "JEng.Sample\JEng.Sample.csproj", "{174EE7A5-811E-485D-99DE-E5834F45C2E6}"
EndProject
Global
	GlobalSection(SolutionConfigurationPlatforms) = preSolution
		Debug|Any CPU = Debug|Any CPU
		Debug|x86 = Debug|x86
		Release|Any CPU = Release|Any CPU
		Release|x86 = Release|x86
	EndGlobalSection
	GlobalSection(ProjectConfigurationPlatforms) = postSolution
		{98445523-70B9-4B67-B744-7C917C232AEB}.Debug|Any CPU.ActiveCfg = Debug|Any CPU
		{98445523-70B9-4B67-B744-7C917C232AEB}.Debug|Any CPU.Build.0 = Debug|Any CPU
		{98445523-70B9-4B67-B744-7C917C232AEB}.Debug|x86.ActiveCfg = Debug|Any CPU
		{98445523-70B9-4B67-B744-7C917C232AEB}.Debug|x86.Build.0 = Debug|Any CPU
		{98445523-70B9-4B67-B744-7C917C232AEB}.Release|Any CPU.ActiveCfg = Release|Any CPU
		{98445523-70B9-4B67-B744-7C917C232AEB}.Release|Any CPU.Build.0 = Release|Any CPU
		{98445523-70B9-4B67-B744-7C917C232AEB}.Release|x86.ActiveCfg = Release|Any CPU
		{98445523-70B9-4B67-B744-7C917C232AEB}.Release|x86.Build.0 = Release|Any CPU
		{5A5F7ABE-7DB0-40D7-AC4C-6EB50C28D09F}.Debug|Any CPU.ActiveCfg = Debug|Any CPU
		{5A5F7ABE-7DB0-40D7-AC4C-6EB50C28D09F}.Debug|Any CPU.Build.0 = Debug|Any CPU
		{5A5F7ABE-7DB0-40D7-AC4C-6EB50C28D09F}.Debug|x86.ActiveCfg = Debug|Any CPU
		{5A5F7ABE-7DB0-40D7-AC4C-6EB50C28D09F}.Debug|x86.Build.0 = Debug|Any CPU
		{5A5F7ABE-7DB0-40D7-AC4C-6EB50C28D09F}.Release|Any CPU.ActiveCfg = Release|Any CPU
		{5A5F7ABE-7DB0-40D7-AC4C-6EB50C28D09F}.Release|Any CPU.Build.0 = Release|Any CPU
		{5A5F7ABE-7DB0-40D7-AC4C-6EB50C28D09F}.Release|x86.ActiveCfg = Release|Any CPU
		{5A5F7ABE-7DB0-40D7-AC4C-6EB50C28D09F}.Release|x86.Build.0 = Release|Any CPU
		{BF5F9837-2800-4506-A79D-EE8E334C947D}.Debug|Any CPU.ActiveCfg = Debug|Any CPU
		{BF5F9837-2800-4506-A79D-EE8E334C947D}.Debug|Any CPU.Build.0 = Debug|Any CPU
		{BF5F9837-2800-4506-A79D-EE8E334C947D}.Debug|x86.ActiveCfg = Debug|Any CPU
		{BF5F9837-2800-4506-A79D-EE8E334C947D}.Debug|x86.Build.0 = Debug|Any CPU
		{BF5F9837-2800-4506-A79D-EE8E334C947D}.Release|Any CPU.ActiveCfg = Release|Any CPU
		{BF5F9837-2800-4506-A79D-EE8E334C947D}.Release|Any CPU.Build.0 = Release|Any CPU
		{BF5F9837-2800-4506-A79D-EE8E334C947D}.Release|x86.ActiveCfg = Release|Any CPU
		{BF5F9837-2800-4506-A79D-EE8E334C947D}.Release|x86.Build.0 = Release|Any CPU
		{74E958BA-29A5-414F-B768-5CE9539E5B82}.Debug|Any CPU.ActiveCfg = Debug|Any CPU
		{74E958BA-29A5-414F-B768-5CE9539E5B82}.Debug|Any CPU.Build.0 = Debug|Any CPU
		{74E958BA-29A5-414F-B768-5CE9539E5B82}.Debug|x86.ActiveCfg = Debug|Any CPU
		{74E958BA-29A5-414F-B768-5CE9539E5B82}.Debug|x86.Build.0 = Debug|Any CPU
		{74E958BA-29A5-414F-B768-5CE9539E5B82}.Release|Any CPU.ActiveCfg = Release|Any CPU
		{74E958BA-29A5-414F-B768-5CE9539E5B82}.Release|Any CPU.Build.0 = Release|Any CPU
		{74E958BA-29A5-414F-B768-5CE9539E5B82}.Release|x86.ActiveCfg = Release|Any CPU
		{74E958BA-29A5-414F-B768-5CE9539E5B82}.Release|x86.Build.0 = Release|Any CPU
		{934C5A15-F633-4A73-A11D-76CF318C8ABF}.Debug|Any CPU.ActiveCfg = Debug|Any CPU
		{934C5A15-F633-4A73-A11D-76CF318C8ABF}.Debug|Any CPU.Build.0 = Debug|Any CPU
		{934C5A15-F633-4A73-A11D-76CF318C8ABF}.Debug|x86.ActiveCfg = Debug|Any CPU
		{934C5A15-F633-4A73-A11D-76CF318C8ABF}.Debug|x86.Build.0 = Debug|Any CPU
		{934C5A15-F633-4A73-A11D-76CF318C8ABF}.Release|Any CPU.ActiveCfg = Release|Any CPU
		{934C5A15-F633-4A73-A11D-76CF318C8ABF}.Release|Any CPU.Build.0 = Release|Any CPU
		{934C5A15-F633-4A73-A11D-76CF318C8ABF}.Release|x86.ActiveCfg = Release|Any CPU
		{934C5A15-F633-4A73-A11D-76CF318C8ABF}.Release|x86.Build.0 = Release|Any CPU
		{9CE93A99-5F92-4194-9497-801DB5BEDC2D}.Debug|Any CPU.ActiveCfg = Debug|Any CPU
		{9CE93A99-5F92-4194-9497-801DB5BEDC2D}.Debug|Any CPU.Build.0 = Debug|Any CPU
		{9CE93A99-5F92-4194-9497-801DB5BEDC2D}.Debug|x86.ActiveCfg = Debug|Any CPU
		{9CE93A99-5F92-4194-9497-801DB5BEDC2D}.Debug|x86.Build.0 = Debug|Any CPU
		{9CE93A99-5F92-4194-9497-801DB5BEDC2D}.Release|Any CPU.ActiveCfg = Release|Any CPU
		{9CE93A99-5F92-4194-9497-801DB5BEDC2D}.Release|Any CPU.Build.0 = Release|Any CPU
		{9CE93A99-5F92-4194-9497-801DB5BEDC2D}.Release|x86.ActiveCfg = Release|Any CPU
		{9CE93A99-5F92-4194-9497-801DB5BEDC2D}.Release|x86.Build.0 = Release|Any CPU
		{174EE7A5-811E-485D-99DE-E5834F45C2E6}.Debug|Any CPU.ActiveCfg = Debug|Any CPU
		{174EE7A5-811E-485D-99DE-E5834F45C2E6}.Debug|Any CPU.Build.0 = Debug|Any CPU
		{174EE7A5-811E-485D-99DE-E5834F45C2E6}.Debug|x86.ActiveCfg = Debug|Any CPU
		{174EE7A5-811E-485D-99DE-E5834F45C2E6}.Debug|x86.Build.0 = Debug|Any CPU
		{174EE7A5-811E-485D-99DE-E5834F45C2E6}.Release|Any CPU.ActiveCfg = Release|Any CPU
		{174EE7A5-811E-485D-99DE-E5834F45C2E6}.Release|Any CPU.Build.0 = Release|Any CPU
		{174EE7A5-811E-485D-99DE-E5834F45C2E6}.Release|x86.ActiveCfg = Release|Any CPU
		{174EE7A5-811E-485D-99DE-E5834F45C2E6}.Release|x86.Build.0 = Release|Any CPU
	EndGlobalSection
	GlobalSection(SolutionProperties) = preSolution
		HideSolutionNode = FALSE
	EndGlobalSection
	GlobalSection(ExtensibilityGlobals) = postSolution
		SolutionGuid = {85C234A4-AEE4-4C20-B03D-AC67FD94C38D}
	EndGlobalSection
EndGlobal
